
Microsoft Visual Studio Solution File, Format Version 12.00
# Visual Studio Version 17
VisualStudioVersion = 17.9.34723.18
MinimumVisualStudioVersion = 10.0.40219.1
Project("{FAE04EC0-301F-11D3-BF4B-00C04F79EFBC}") = "csharp-net-forms-tetris-game", "csharp-net-forms-tetris-game\csharp-net-forms-tetris-game.csproj", "{7E03C158-2DAC-4978-9011-7ED8851AF558}"
EndProject
Global
	GlobalSection(SolutionConfigurationPlatforms) = preSolution
		Debug|Any CPU = Debug|Any CPU
		Release|Any CPU = Release|Any CPU
	EndGlobalSection
	GlobalSection(ProjectConfigurationPlatforms) = postSolution
		{7E03C158-2DAC-4978-9011-7ED8851AF558}.Debug|Any CPU.ActiveCfg = Debug|Any CPU
		{7E03C158-2DAC-4978-9011-7ED8851AF558}.Debug|Any CPU.Build.0 = Debug|Any CPU
		{7E03C158-2DAC-4978-9011-7ED8851AF558}.Release|Any CPU.ActiveCfg = Release|Any CPU
		{7E03C158-2DAC-4978-9011-7ED8851AF558}.Release|Any CPU.Build.0 = Release|Any CPU
	EndGlobalSection
	GlobalSection(SolutionProperties) = preSolution
		HideSolutionNode = FALSE
	EndGlobalSection
	GlobalSection(ExtensibilityGlobals) = postSolution
		SolutionGuid = {A80B9083-616F-4CCA-83C4-D4F10EF7E8D9}
	EndGlobalSection
EndGlobal
